Microsoft Visual Studio Solution File, Format Version 11.00
# Visual Studio 2008

Project("{8ED4BC4B-ADE9-F8BE-9D03-DBA84224DC29}") = "westdroid", "Assembly-CSharp.csproj", "{EFE59609-66DE-3A54-8F81-D533B69E9503}"
EndProject
Global
	GlobalSection(SolutionConfigurationPlatforms) = preSolution
		Debug|Any CPU = Debug|Any CPU
		Release|Any CPU = Release|Any CPU
	EndGlobalSection
	GlobalSection(ProjectConfigurationPlatforms) = postSolution
		{EFE59609-66DE-3A54-8F81-D533B69E9503}.Debug|Any CPU.ActiveCfg = Debug|Any CPU
		{EFE59609-66DE-3A54-8F81-D533B69E9503}.Debug|Any CPU.Build.0 = Debug|Any CPU
		{EFE59609-66DE-3A54-8F81-D533B69E9503}.Release|Any CPU.ActiveCfg = Release|Any CPU
		{EFE59609-66DE-3A54-8F81-D533B69E9503}.Release|Any CPU.Build.0 = Release|Any CPU
	EndGlobalSection
	GlobalSection(SolutionProperties) = preSolution
		HideSolutionNode = FALSE
	EndGlobalSection
	GlobalSection(MonoDevelopProperties) = preSolution
		StartupItem = Assembly-CSharp.csproj
	EndGlobalSection
EndGlobal
